
Microsoft Visual Studio Solution File, Format Version 12.00
Project("{FAE04EC0-301F-11D3-BF4B-00C04F79EFBC}") = "common", "common\common.csproj", "{644CC00B-EBD9-4235-9B05-8A98AE330E6E}"
EndProject
Project("{FAE04EC0-301F-11D3-BF4B-00C04F79EFBC}") = "common.test", "common.test\common.test.csproj", "{0F99D352-18B1-4C40-971B-E686CDE0C838}"
EndProject
Project("{FAE04EC0-301F-11D3-BF4B-00C04F79EFBC}") = "testapp", "testapp\testapp.csproj", "{E4D742D9-A9BE-491A-84A6-41E5DCE7477D}"
EndProject
Project("{FAE04EC0-301F-11D3-BF4B-00C04F79EFBC}") = "textUI", "textUI\textUI.csproj", "{1B6DD789-1DAF-4E48-A35B-EEA69F764BC2}"
EndProject
Project("{2150E333-8FDC-42A3-9474-1A3956D46DE8}") = "textUI", "textUI", "{2363E98D-2F14-4463-A00D-CB4FC49FF26D}"
EndProject
Project("{FAE04EC0-301F-11D3-BF4B-00C04F79EFBC}") = "textUI.discord", "textUI.discord\textUI.discord.csproj", "{EC2C7F77-0F14-471B-848E-E65BF488E75F}"
EndProject
Project("{FAE04EC0-301F-11D3-BF4B-00C04F79EFBC}") = "textUI.sfml", "textUI.sfml\textUI.sfml.csproj", "{01CAAC9F-22D7-46F2-A63C-8ED7DCF0F835}"
EndProject
Project("{2150E333-8FDC-42A3-9474-1A3956D46DE8}") = "api", "api", "{DCDD2526-54F5-420F-BF98-E37EB75ABD64}"
EndProject
Project("{FAE04EC0-301F-11D3-BF4B-00C04F79EFBC}") = "gamelib", "gamelib\gamelib.csproj", "{C7138AB7-6757-4BF8-B6C5-2516F59D6BAE}"
EndProject
Project("{2150E333-8FDC-42A3-9474-1A3956D46DE8}") = "gamelib", "gamelib", "{DF4F4475-2C0C-4D6F-BDA4-8B799EF514B0}"
EndProject
Global
	GlobalSection(SolutionConfigurationPlatforms) = preSolution
		Debug|Any CPU = Debug|Any CPU
		Release|Any CPU = Release|Any CPU
	EndGlobalSection
	GlobalSection(ProjectConfigurationPlatforms) = postSolution
		{644CC00B-EBD9-4235-9B05-8A98AE330E6E}.Debug|Any CPU.ActiveCfg = Debug|Any CPU
		{644CC00B-EBD9-4235-9B05-8A98AE330E6E}.Debug|Any CPU.Build.0 = Debug|Any CPU
		{644CC00B-EBD9-4235-9B05-8A98AE330E6E}.Release|Any CPU.ActiveCfg = Release|Any CPU
		{644CC00B-EBD9-4235-9B05-8A98AE330E6E}.Release|Any CPU.Build.0 = Release|Any CPU
		{0F99D352-18B1-4C40-971B-E686CDE0C838}.Debug|Any CPU.ActiveCfg = Debug|Any CPU
		{0F99D352-18B1-4C40-971B-E686CDE0C838}.Debug|Any CPU.Build.0 = Debug|Any CPU
		{0F99D352-18B1-4C40-971B-E686CDE0C838}.Release|Any CPU.ActiveCfg = Release|Any CPU
		{0F99D352-18B1-4C40-971B-E686CDE0C838}.Release|Any CPU.Build.0 = Release|Any CPU
		{E4D742D9-A9BE-491A-84A6-41E5DCE7477D}.Debug|Any CPU.ActiveCfg = Debug|Any CPU
		{E4D742D9-A9BE-491A-84A6-41E5DCE7477D}.Debug|Any CPU.Build.0 = Debug|Any CPU
		{E4D742D9-A9BE-491A-84A6-41E5DCE7477D}.Release|Any CPU.ActiveCfg = Release|Any CPU
		{E4D742D9-A9BE-491A-84A6-41E5DCE7477D}.Release|Any CPU.Build.0 = Release|Any CPU
		{1B6DD789-1DAF-4E48-A35B-EEA69F764BC2}.Debug|Any CPU.ActiveCfg = Debug|Any CPU
		{1B6DD789-1DAF-4E48-A35B-EEA69F764BC2}.Debug|Any CPU.Build.0 = Debug|Any CPU
		{1B6DD789-1DAF-4E48-A35B-EEA69F764BC2}.Release|Any CPU.ActiveCfg = Release|Any CPU
		{1B6DD789-1DAF-4E48-A35B-EEA69F764BC2}.Release|Any CPU.Build.0 = Release|Any CPU
		{EC2C7F77-0F14-471B-848E-E65BF488E75F}.Debug|Any CPU.ActiveCfg = Debug|Any CPU
		{EC2C7F77-0F14-471B-848E-E65BF488E75F}.Debug|Any CPU.Build.0 = Debug|Any CPU
		{EC2C7F77-0F14-471B-848E-E65BF488E75F}.Release|Any CPU.ActiveCfg = Release|Any CPU
		{EC2C7F77-0F14-471B-848E-E65BF488E75F}.Release|Any CPU.Build.0 = Release|Any CPU
		{01CAAC9F-22D7-46F2-A63C-8ED7DCF0F835}.Debug|Any CPU.ActiveCfg = Debug|Any CPU
		{01CAAC9F-22D7-46F2-A63C-8ED7DCF0F835}.Debug|Any CPU.Build.0 = Debug|Any CPU
		{01CAAC9F-22D7-46F2-A63C-8ED7DCF0F835}.Release|Any CPU.ActiveCfg = Release|Any CPU
		{01CAAC9F-22D7-46F2-A63C-8ED7DCF0F835}.Release|Any CPU.Build.0 = Release|Any CPU
		{C7138AB7-6757-4BF8-B6C5-2516F59D6BAE}.Debug|Any CPU.ActiveCfg = Debug|Any CPU
		{C7138AB7-6757-4BF8-B6C5-2516F59D6BAE}.Debug|Any CPU.Build.0 = Debug|Any CPU
		{C7138AB7-6757-4BF8-B6C5-2516F59D6BAE}.Release|Any CPU.ActiveCfg = Release|Any CPU
		{C7138AB7-6757-4BF8-B6C5-2516F59D6BAE}.Release|Any CPU.Build.0 = Release|Any CPU
	EndGlobalSection
	GlobalSection(NestedProjects) = preSolution
		{1B6DD789-1DAF-4E48-A35B-EEA69F764BC2} = {2363E98D-2F14-4463-A00D-CB4FC49FF26D}
		{EC2C7F77-0F14-471B-848E-E65BF488E75F} = {2363E98D-2F14-4463-A00D-CB4FC49FF26D}
		{01CAAC9F-22D7-46F2-A63C-8ED7DCF0F835} = {2363E98D-2F14-4463-A00D-CB4FC49FF26D}
		{644CC00B-EBD9-4235-9B05-8A98AE330E6E} = {DCDD2526-54F5-420F-BF98-E37EB75ABD64}
		{0F99D352-18B1-4C40-971B-E686CDE0C838} = {DCDD2526-54F5-420F-BF98-E37EB75ABD64}
		{C7138AB7-6757-4BF8-B6C5-2516F59D6BAE} = {DF4F4475-2C0C-4D6F-BDA4-8B799EF514B0}
	EndGlobalSection
EndGlobal
